{
  "name": "untitled",
  "version": "1.0.0",
  "lockfileVersion": 1,
  "requires": true,
  "dependencies": {
    "array": {
      "version": "0.4.3",
      "resolved": "https://registry.npmjs.org/array/-/array-0.4.3.tgz",
      "integrity": "sha1-ng+xn+85Kc+4vAQLMvHVTq/+25E=",
      "requires": {
        "emitter-component": "1.1.1",
        "to-function": "1.2.1"
      }
    },
    "arraylist": {
      "version": "0.1.0",
      "resolved": "https://registry.npmjs.org/arraylist/-/arraylist-0.1.0.tgz",
      "integrity": "sha1-dNAWg8MfLb4y2TSqhrpbK23GfaY=",
      "requires": {
        "underscore": "1.9.0"
      }
    },
    "biskviit": {
      "version": "1.0.1",
      "resolved": "https://registry.npmjs.org/biskviit/-/biskviit-1.0.1.tgz",
      "integrity": "sha1-A3oM1LcbnjMf2QoRIt4X3EnkIKc=",
      "requires": {
        "psl": "1.1.25"
      }
    },
    "debug": {
      "version": "3.1.0",
      "resolved": "https://registry.npmjs.org/debug/-/debug-3.1.0.tgz",
      "integrity": "sha512-OX8XqP7/1a9cqkxYw2yXss15f26NKWBpDXQd0/uK/KPqdQhxbPa994hnzjcE2VqQpDslf55723cKPUOGSmMY3g==",
      "requires": {
        "ms": "2.0.0"
      }
    },
    "emitter-component": {
      "version": "1.1.1",
      "resolved": "https://registry.npmjs.org/emitter-component/-/emitter-component-1.1.1.tgz",
      "integrity": "sha1-Bl4tvtaVm/RwZ57avq95gdEAOrY="
    },
    "encoding": {
      "version": "0.1.12",
      "resolved": "https://registry.npmjs.org/encoding/-/encoding-0.1.12.tgz",
      "integrity": "sha1-U4tm8+5izRq1HsMjgp0flIDHS+s=",
      "requires": {
        "iconv-lite": "0.4.21"
      }
    },
    "fetch": {
      "version": "1.1.0",
      "resolved": "https://registry.npmjs.org/fetch/-/fetch-1.1.0.tgz",
      "integrity": "sha1-CoJ58Gvjf58Ou1Z1YKMKSA2lmi4=",
      "requires": {
        "biskviit": "1.0.1",
        "encoding": "0.1.12"
      }
    },
    "https": {
      "version": "1.0.0",
      "resolved": "https://registry.npmjs.org/https/-/https-1.0.0.tgz",
      "integrity": "sha1-PDfHrhqO65ZpBKKtHpdaGUt+06Q="
    },
    "iconv-lite": {
      "version": "0.4.21",
      "resolved": "https://registry.npmjs.org/iconv-lite/-/iconv-lite-0.4.21.tgz",
      "integrity": "sha512-En5V9za5mBt2oUA03WGD3TwDv0MKAruqsuxstbMUZaj9W9k/m1CV/9py3l0L5kw9Bln8fdHQmzHSYtvpvTLpKw==",
      "requires": {
        "safer-buffer": "2.1.2"
      }
    },
    "ms": {
      "version": "2.0.0",
      "resolved": "https://registry.npmjs.org/ms/-/ms-2.0.0.tgz",
      "integrity": "sha1-VgiurfwAvmwpAd9fmGF4jeDVl8g="
    },
    "node-fetch": {
      "version": "2.1.2",
      "resolved": "https://registry.npmjs.org/node-fetch/-/node-fetch-2.1.2.tgz",
      "integrity": "sha1-q4hOjn5X44qUR1POxwb3iNF2i7U="
    },
    "props-component": {
      "version": "1.0.3",
      "resolved": "https://registry.npmjs.org/props-component/-/props-component-1.0.3.tgz",
      "integrity": "sha1-S1Ib3zMy8y/G1nSDF0udjbU+of4="
    },
    "psl": {
      "version": "1.1.25",
      "resolved": "https://registry.npmjs.org/psl/-/psl-1.1.25.tgz",
      "integrity": "sha512-Djug/g0La/23cfyh1GujTbrLs/dhUxEquv78at1zHs03oglR1FP54v1nr8J7nCKxLEs1tsNP0u3DGVrugGi/kA=="
    },
    "safer-buffer": {
      "version": "2.1.2",
      "resolved": "https://registry.npmjs.org/safer-buffer/-/safer-buffer-2.1.2.tgz",
      "integrity": "sha512-YZo3K82SD7Riyi0E1EQPojLz7kpepnSQI9IyPbHHg1XXXevb5dJI7tpyN2ADxGcQbHG7vcyRHk0cbwqcQriUtg=="
    },
    "sandwich-stream": {
      "version": "1.0.0",
      "resolved": "https://registry.npmjs.org/sandwich-stream/-/sandwich-stream-1.0.0.tgz",
      "integrity": "sha1-eDDkV5e1kzKH8fmyj4cZB0ViYvI="
    },
    "telegraf": {
      "version": "3.20.0",
      "resolved": "https://registry.npmjs.org/telegraf/-/telegraf-3.20.0.tgz",
      "integrity": "sha512-2IZcBTQZvM7A6eJMtRYvTIZQCO0vI0iK6FQzh5vJCoCy/tbc8GTA3lj2GdOcMULGHfNTiYDCJ54+pKyyF9t1DA==",
      "requires": {
        "debug": "3.1.0",
        "node-fetch": "2.1.2",
        "sandwich-stream": "1.0.0"
      }
    },
    "to-function": {
      "version": "1.2.1",
      "resolved": "https://registry.npmjs.org/to-function/-/to-function-1.2.1.tgz",
      "integrity": "sha1-fS80GxH/1TTUKtPhB/K/k/iKKm8=",
      "requires": {
        "props-component": "1.0.3"
      }
    },
    "underscore": {
      "version": "1.9.0",
      "resolved": "https://registry.npmjs.org/underscore/-/underscore-1.9.0.tgz",
      "integrity": "sha512-4IV1DSSxC1QK48j9ONFK1MoIAKKkbE8i7u55w2R6IqBqbT7A/iG7aZBCR2Bi8piF0Uz+i/MG1aeqLwl/5vqF+A=="
    }
  }
}
